
Microsoft Visual Studio Solution File, Format Version 12.00
# Visual Studio Version 17
VisualStudioVersion = 17.6.33723.286
MinimumVisualStudioVersion = 10.0.40219.1
Project("{8BC9CEB8-8B4A-11D0-8D11-00A0C91BC942}") = "wxWidgets-study", "wxWidgets-study\wxWidgets-study.vcxproj", "{0CAEA50E-4C49-4C69-B759-22F3626561A5}"
EndProject
Global
	GlobalSection(SolutionConfigurationPlatforms) = preSolution
		Debug|x64 = Debug|x64
		Debug|x86 = Debug|x86
		Release|x64 = Release|x64
		Release|x86 = Release|x86
	EndGlobalSection
	GlobalSection(ProjectConfigurationPlatforms) = postSolution
		{0CAEA50E-4C49-4C69-B759-22F3626561A5}.Debug|x64.ActiveCfg = Debug|x64
		{0CAEA50E-4C49-4C69-B759-22F3626561A5}.Debug|x64.Build.0 = Debug|x64
		{0CAEA50E-4C49-4C69-B759-22F3626561A5}.Debug|x86.ActiveCfg = Debug|Win32
		{0CAEA50E-4C49-4C69-B759-22F3626561A5}.Debug|x86.Build.0 = Debug|Win32
		{0CAEA50E-4C49-4C69-B759-22F3626561A5}.Release|x64.ActiveCfg = Release|x64
		{0CAEA50E-4C49-4C69-B759-22F3626561A5}.Release|x64.Build.0 = Release|x64
		{0CAEA50E-4C49-4C69-B759-22F3626561A5}.Release|x86.ActiveCfg = Release|Win32
		{0CAEA50E-4C49-4C69-B759-22F3626561A5}.Release|x86.Build.0 = Release|Win32
	EndGlobalSection
	GlobalSection(SolutionProperties) = preSolution
		HideSolutionNode = FALSE
	EndGlobalSection
	GlobalSection(ExtensibilityGlobals) = postSolution
		SolutionGuid = {10695482-154C-493C-A0C4-1A0BB8FEA3E5}
	EndGlobalSection
EndGlobal
